// !$*UTF8*$!
{
	archiveVersion = 1;
	classes = {
	};
	objectVersion = 46;
	objects = {

/* Begin PBXBuildFile section */
		C923B71C1D760A120055228E /* CanvasViewController.swift in Sources */ = {isa = PBXBuildFile; fileRef = C923B71B1D760A120055228E /* CanvasViewController.swift */; };
		C923B71F1D760C370055228E /* CanvasView.swift in Sources */ = {isa = PBXBuildFile; fileRef = C923B71E1D760C370055228E /* CanvasView.swift */; };
		C923B7211D7610290055228E /* CGPoint+MidPoint.swift in Sources */ = {isa = PBXBuildFile; fileRef = C923B7201D7610290055228E /* CGPoint+MidPoint.swift */; };
		C923B7231D77261B0055228E /* DrawingsViewController.swift in Sources */ = {isa = PBXBuildFile; fileRef = C923B7221D77261B0055228E /* DrawingsViewController.swift */; };
		C96D3CBA1D77475E002357AD /* DrawingHistory.swift in Sources */ = {isa = PBXBuildFile; fileRef = C96D3CB91D77475E002357AD /* DrawingHistory.swift */; };
		C96D3CBF1D776E97002357AD /* DrawingCollectionViewCell.swift in Sources */ = {isa = PBXBuildFile; fileRef = C96D3CBE1D776E97002357AD /* DrawingCollectionViewCell.swift */; };
		C9A0C1CD1D736B4700E1798C /* Assets.xcassets in Resources */ = {isa = PBXBuildFile; fileRef = C9A0C1CC1D736B4700E1798C /* Assets.xcassets */; };
		C9A0C1D41D736B4700E1798C /* MessagesExtension.appex in Embed App Extensions */ = {isa = PBXBuildFile; fileRef = C9A0C1D31D736B4700E1798C /* MessagesExtension.appex */; settings = {ATTRIBUTES = (RemoveHeadersOnCopy, ); }; };
		C9A0C1D91D736B4700E1798C /* Messages.framework in Frameworks */ = {isa = PBXBuildFile; fileRef = C9A0C1D81D736B4700E1798C /* Messages.framework */; };
		C9A0C1DC1D736B4700E1798C /* MessagesViewController.swift in Sources */ = {isa = PBXBuildFile; fileRef = C9A0C1DB1D736B4700E1798C /* MessagesViewController.swift */; };
		C9A0C1DF1D736B4700E1798C /* MainInterface.storyboard in Resources */ = {isa = PBXBuildFile; fileRef = C9A0C1DD1D736B4700E1798C /* MainInterface.storyboard */; };
		C9A0C1E11D736B4700E1798C /* Assets.xcassets in Resources */ = {isa = PBXBuildFile; fileRef = C9A0C1E01D736B4700E1798C /* Assets.xcassets */; };
		C9EB1FEC1D79B84800E71229 /* CloudKit.framework in Frameworks */ = {isa = PBXBuildFile; fileRef = C9EB1FEB1D79B84800E71229 /* CloudKit.framework */; };
		C9EB1FEF1D79BA1500E71229 /* CloudKitInterface.swift in Sources */ = {isa = PBXBuildFile; fileRef = C9EB1FEE1D79BA1500E71229 /* CloudKitInterface.swift */; };
		C9EB1FF11D79BF4300E71229 /* UIImage+CKAsset.swift in Sources */ = {isa = PBXBuildFile; fileRef = C9EB1FF01D79BF4300E71229 /* UIImage+CKAsset.swift */; };
/* End PBXBuildFile section */

/* Begin PBXContainerItemProxy section */
		C9A0C1D51D736B4700E1798C /* PBXContainerItemProxy */ = {
			isa = PBXContainerItemProxy;
			containerPortal = C9A0C1C31D736B4600E1798C /* Project object */;
			proxyType = 1;
			remoteGlobalIDString = C9A0C1D21D736B4700E1798C;
			remoteInfo = MessagesExtension;
		};
/* End PBXContainerItemProxy section */

/* Begin PBXCopyFilesBuildPhase section */
		C9A0C1E81D736B4700E1798C /* Embed App Extensions */ = {
			isa = PBXCopyFilesBuildPhase;
			buildActionMask = 2147483647;
			dstPath = "";
			dstSubfolderSpec = 13;
			files = (
				C9A0C1D41D736B4700E1798C /* MessagesExtension.appex in Embed App Extensions */,
			);
			name = "Embed App Extensions";
			runOnlyForDeploymentPostprocessing = 0;
		};
/* End PBXCopyFilesBuildPhase section */

/* Begin PBXFileReference section */
		C923B71B1D760A120055228E /* CanvasViewController.swift */ = {isa = PBXFileReference; fileEncoding = 4; lastKnownFileType = sourcecode.swift; path = CanvasViewController.swift; sourceTree = "<group>"; };
		C923B71E1D760C370055228E /* CanvasView.swift */ = {isa = PBXFileReference; fileEncoding = 4; lastKnownFileType = sourcecode.swift; path = CanvasView.swift; sourceTree = "<group>"; };
		C923B7201D7610290055228E /* CGPoint+MidPoint.swift */ = {isa = PBXFileReference; fileEncoding = 4; lastKnownFileType = sourcecode.swift; path = "CGPoint+MidPoint.swift"; sourceTree = "<group>"; };
		C923B7221D77261B0055228E /* DrawingsViewController.swift */ = {isa = PBXFileReference; fileEncoding = 4; lastKnownFileType = sourcecode.swift; path = DrawingsViewController.swift; sourceTree = "<group>"; };
		C96D3CB91D77475E002357AD /* DrawingHistory.swift */ = {isa = PBXFileReference; fileEncoding = 4; lastKnownFileType = sourcecode.swift; path = DrawingHistory.swift; sourceTree = "<group>"; };
		C96D3CBE1D776E97002357AD /* DrawingCollectionViewCell.swift */ = {isa = PBXFileReference; fileEncoding = 4; lastKnownFileType = sourcecode.swift; path = DrawingCollectionViewCell.swift; sourceTree = "<group>"; };
		C9A0C1C91D736B4700E1798C /* PlayingWithMessages.app */ = {isa = PBXFileReference; explicitFileType = wrapper.application; includeInIndex = 0; path = PlayingWithMessages.app; sourceTree = BUILT_PRODUCTS_DIR; };
		C9A0C1CC1D736B4700E1798C /* Assets.xcassets */ = {isa = PBXFileReference; lastKnownFileType = folder.assetcatalog; path = Assets.xcassets; sourceTree = "<group>"; };
		C9A0C1CE1D736B4700E1798C /* Info.plist */ = {isa = PBXFileReference; lastKnownFileType = text.plist.xml; path = Info.plist; sourceTree = "<group>"; };
		C9A0C1D31D736B4700E1798C /* MessagesExtension.appex */ = {isa = PBXFileReference; explicitFileType = "wrapper.app-extension"; includeInIndex = 0; path = MessagesExtension.appex; sourceTree = BUILT_PRODUCTS_DIR; };
		C9A0C1D81D736B4700E1798C /* Messages.framework */ = {isa = PBXFileReference; lastKnownFileType = wrapper.framework; name = Messages.framework; path = System/Library/Frameworks/Messages.framework; sourceTree = SDKROOT; };
		C9A0C1DB1D736B4700E1798C /* MessagesViewController.swift */ = {isa = PBXFileReference; lastKnownFileType = sourcecode.swift; path = MessagesViewController.swift; sourceTree = "<group>"; };
		C9A0C1DE1D736B4700E1798C /* Base */ = {isa = PBXFileReference; lastKnownFileType = file.storyboard; name = Base; path = Base.lproj/MainInterface.storyboard; sourceTree = "<group>"; };
		C9A0C1E01D736B4700E1798C /* Assets.xcassets */ = {isa = PBXFileReference; lastKnownFileType = folder.assetcatalog; path = Assets.xcassets; sourceTree = "<group>"; };
		C9A0C1E21D736B4700E1798C /* Info.plist */ = {isa = PBXFileReference; lastKnownFileType = text.plist.xml; path = Info.plist; sourceTree = "<group>"; };
		C9EB1FEA1D79B84400E71229 /* MessagesExtension.entitlements */ = {isa = PBXFileReference; lastKnownFileType = text.plist.entitlements; path = MessagesExtension.entitlements; sourceTree = "<group>"; };
		C9EB1FEB1D79B84800E71229 /* CloudKit.framework */ = {isa = PBXFileReference; lastKnownFileType = wrapper.framework; name = CloudKit.framework; path = System/Library/Frameworks/CloudKit.framework; sourceTree = SDKROOT; };
		C9EB1FEE1D79BA1500E71229 /* CloudKitInterface.swift */ = {isa = PBXFileReference; fileEncoding = 4; lastKnownFileType = sourcecode.swift; path = CloudKitInterface.swift; sourceTree = "<group>"; };
		C9EB1FF01D79BF4300E71229 /* UIImage+CKAsset.swift */ = {isa = PBXFileReference; fileEncoding = 4; lastKnownFileType = sourcecode.swift; path = "UIImage+CKAsset.swift"; sourceTree = "<group>"; };
/* End PBXFileReference section */

/* Begin PBXFrameworksBuildPhase section */
		C9A0C1D01D736B4700E1798C /* Frameworks */ = {
			isa = PBXFrameworksBuildPhase;
			buildActionMask = 2147483647;
			files = (
				C9A0C1D91D736B4700E1798C /* Messages.framework in Frameworks */,
				C9EB1FEC1D79B84800E71229 /* CloudKit.framework in Frameworks */,
			);
			runOnlyForDeploymentPostprocessing = 0;
		};
/* End PBXFrameworksBuildPhase section */

/* Begin PBXGroup section */
		C923B71D1D760A1E0055228E /* Supporting Files */ = {
			isa = PBXGroup;
			children = (
				C9A0C1E01D736B4700E1798C /* Assets.xcassets */,
				C9A0C1E21D736B4700E1798C /* Info.plist */,
			);
			name = "Supporting Files";
			sourceTree = "<group>";
		};
		C96D3CBB1D776E5A002357AD /* Canvas */ = {
			isa = PBXGroup;
			children = (
				C923B71E1D760C370055228E /* CanvasView.swift */,
				C923B71B1D760A120055228E /* CanvasViewController.swift */,
			);
			name = Canvas;
			sourceTree = "<group>";
		};
		C96D3CBC1D776E65002357AD /* Drawings */ = {
			isa = PBXGroup;
			children = (
				C923B7221D77261B0055228E /* DrawingsViewController.swift */,
				C96D3CB91D77475E002357AD /* DrawingHistory.swift */,
				C96D3CBE1D776E97002357AD /* DrawingCollectionViewCell.swift */,
			);
			name = Drawings;
			sourceTree = "<group>";
		};
		C96D3CBD1D776E6F002357AD /* Extensions */ = {
			isa = PBXGroup;
			children = (
				C923B7201D7610290055228E /* CGPoint+MidPoint.swift */,
				C9EB1FF01D79BF4300E71229 /* UIImage+CKAsset.swift */,
			);
			name = Extensions;
			sourceTree = "<group>";
		};
		C9A0C1C21D736B4600E1798C = {
			isa = PBXGroup;
			children = (
				C9A0C1CB1D736B4700E1798C /* PlayingWithMessages */,
				C9A0C1DA1D736B4700E1798C /* MessagesExtension */,
				C9A0C1D71D736B4700E1798C /* Frameworks */,
				C9A0C1CA1D736B4700E1798C /* Products */,
			);
			sourceTree = "<group>";
		};
		C9A0C1CA1D736B4700E1798C /* Products */ = {
			isa = PBXGroup;
			children = (
				C9A0C1C91D736B4700E1798C /* PlayingWithMessages.app */,
				C9A0C1D31D736B4700E1798C /* MessagesExtension.appex */,
			);
			name = Products;
			sourceTree = "<group>";
		};
		C9A0C1CB1D736B4700E1798C /* PlayingWithMessages */ = {
			isa = PBXGroup;
			children = (
				C9A0C1CC1D736B4700E1798C /* Assets.xcassets */,
				C9A0C1CE1D736B4700E1798C /* Info.plist */,
			);
			path = PlayingWithMessages;
			sourceTree = "<group>";
		};
		C9A0C1D71D736B4700E1798C /* Frameworks */ = {
			isa = PBXGroup;
			children = (
				C9EB1FEB1D79B84800E71229 /* CloudKit.framework */,
				C9A0C1D81D736B4700E1798C /* Messages.framework */,
			);
			name = Frameworks;
			sourceTree = "<group>";
		};
		C9A0C1DA1D736B4700E1798C /* MessagesExtension */ = {
			isa = PBXGroup;
			children = (
				C9EB1FEA1D79B84400E71229 /* MessagesExtension.entitlements */,
				C9EB1FED1D79B9FF00E71229 /* CloudKit */,
				C96D3CBD1D776E6F002357AD /* Extensions */,
				C96D3CBC1D776E65002357AD /* Drawings */,
				C96D3CBB1D776E5A002357AD /* Canvas */,
				C9A0C1DB1D736B4700E1798C /* MessagesViewController.swift */,
				C9A0C1DD1D736B4700E1798C /* MainInterface.storyboard */,
				C923B71D1D760A1E0055228E /* Supporting Files */,
			);
			path = MessagesExtension;
			sourceTree = "<group>";
		};
		C9EB1FED1D79B9FF00E71229 /* CloudKit */ = {
			isa = PBXGroup;
			children = (
				C9EB1FEE1D79BA1500E71229 /* CloudKitInterface.swift */,
			);
			name = CloudKit;
			sourceTree = "<group>";
		};
/* End PBXGroup section */

/* Begin PBXNativeTarget section */
		C9A0C1C81D736B4600E1798C /* PlayingWithMessages */ = {
			isa = PBXNativeTarget;
			buildConfigurationList = C9A0C1E91D736B4700E1798C /* Build configuration list for PBXNativeTarget "PlayingWithMessages" */;
			buildPhases = (
				C9A0C1C71D736B4600E1798C /* Resources */,
				C9A0C1E81D736B4700E1798C /* Embed App Extensions */,
			);
			buildRules = (
			);
			dependencies = (
				C9A0C1D61D736B4700E1798C /* PBXTargetDependency */,
			);
			name = PlayingWithMessages;
			productName = PlayingWithMessages;
			productReference = C9A0C1C91D736B4700E1798C /* PlayingWithMessages.app */;
			productType = "com.apple.product-type.application.messages";
		};
		C9A0C1D21D736B4700E1798C /* MessagesExtension */ = {
			isa = PBXNativeTarget;
			buildConfigurationList = C9A0C1E51D736B4700E1798C /* Build configuration list for PBXNativeTarget "MessagesExtension" */;
			buildPhases = (
				C9A0C1CF1D736B4700E1798C /* Sources */,
				C9A0C1D01D736B4700E1798C /* Frameworks */,
				C9A0C1D11D736B4700E1798C /* Resources */,
			);
			buildRules = (
			);
			dependencies = (
			);
			name = MessagesExtension;
			productName = MessagesExtension;
			productReference = C9A0C1D31D736B4700E1798C /* MessagesExtension.appex */;
			productType = "com.apple.product-type.app-extension.messages";
		};
/* End PBXNativeTarget section */

/* Begin PBXProject section */
		C9A0C1C31D736B4600E1798C /* Project object */ = {
			isa = PBXProject;
			attributes = {
				LastSwiftUpdateCheck = 0800;
				LastUpgradeCheck = 0800;
				ORGANIZATIONNAME = "Build Things";
				TargetAttributes = {
					C9A0C1C81D736B4600E1798C = {
						CreatedOnToolsVersion = 8.0;
						ProvisioningStyle = Automatic;
					};
					C9A0C1D21D736B4700E1798C = {
						CreatedOnToolsVersion = 8.0;
						DevelopmentTeam = VQXELCH5FM;
						ProvisioningStyle = Automatic;
						SystemCapabilities = {
							com.apple.Push = {
								enabled = 1;
							};
							com.apple.iCloud = {
								enabled = 1;
							};
						};
					};
				};
			};
			buildConfigurationList = C9A0C1C61D736B4600E1798C /* Build configuration list for PBXProject "PlayingWithMessages" */;
			compatibilityVersion = "Xcode 3.2";
			developmentRegion = English;
			hasScannedForEncodings = 0;
			knownRegions = (
				en,
				Base,
			);
			mainGroup = C9A0C1C21D736B4600E1798C;
			productRefGroup = C9A0C1CA1D736B4700E1798C /* Products */;
			projectDirPath = "";
			projectRoot = "";
			targets = (
				C9A0C1C81D736B4600E1798C /* PlayingWithMessages */,
				C9A0C1D21D736B4700E1798C /* MessagesExtension */,
			);
		};
/* End PBXProject section */

/* Begin PBXResourcesBuildPhase section */
		C9A0C1C71D736B4600E1798C /* Resources */ = {
			isa = PBXResourcesBuildPhase;
			buildActionMask = 2147483647;
			files = (
				C9A0C1CD1D736B4700E1798C /* Assets.xcassets in Resources */,
			);
			runOnlyForDeploymentPostprocessing = 0;
		};
		C9A0C1D11D736B4700E1798C /* Resources */ = {
			isa = PBXResourcesBuildPhase;
			buildActionMask = 2147483647;
			files = (
				C9A0C1E11D736B4700E1798C /* Assets.xcassets in Resources */,
				C9A0C1DF1D736B4700E1798C /* MainInterface.storyboard in Resources */,
			);
			runOnlyForDeploymentPostprocessing = 0;
		};
/* End PBXResourcesBuildPhase section */

/* Begin PBXSourcesBuildPhase section */
		C9A0C1CF1D736B4700E1798C /* Sources */ = {
			isa = PBXSourcesBuildPhase;
			buildActionMask = 2147483647;
			files = (
				C96D3CBF1D776E97002357AD /* DrawingCollectionViewCell.swift in Sources */,
				C923B7211D7610290055228E /* CGPoint+MidPoint.swift in Sources */,
				C9EB1FEF1D79BA1500E71229 /* CloudKitInterface.swift in Sources */,
				C923B71C1D760A120055228E /* CanvasViewController.swift in Sources */,
				C9A0C1DC1D736B4700E1798C /* MessagesViewController.swift in Sources */,
				C923B7231D77261B0055228E /* DrawingsViewController.swift in Sources */,
				C923B71F1D760C370055228E /* CanvasView.swift in Sources */,
				C9EB1FF11D79BF4300E71229 /* UIImage+CKAsset.swift in Sources */,
				C96D3CBA1D77475E002357AD /* DrawingHistory.swift in Sources */,
			);
			runOnlyForDeploymentPostprocessing = 0;
		};
/* End PBXSourcesBuildPhase section */

/* Begin PBXTargetDependency section */
		C9A0C1D61D736B4700E1798C /* PBXTargetDependency */ = {
			isa = PBXTargetDependency;
			target = C9A0C1D21D736B4700E1798C /* MessagesExtension */;
			targetProxy = C9A0C1D51D736B4700E1798C /* PBXContainerItemProxy */;
		};
/* End PBXTargetDependency section */

/* Begin PBXVariantGroup section */
		C9A0C1DD1D736B4700E1798C /* MainInterface.storyboard */ = {
			isa = PBXVariantGroup;
			children = (
				C9A0C1DE1D736B4700E1798C /* Base */,
			);
			name = MainInterface.storyboard;
			sourceTree = "<group>";
		};
/* End PBXVariantGroup section */

/* Begin XCBuildConfiguration section */
		C9A0C1E31D736B4700E1798C /* Debug */ = {
			isa = XCBuildConfiguration;
			buildSettings = {
				ALWAYS_SEARCH_USER_PATHS = NO;
				CLANG_ANALYZER_NONNULL = YES;
				CLANG_CXX_LANGUAGE_STANDARD = "gnu++0x";
				CLANG_CXX_LIBRARY = "libc++";
				CLANG_ENABLE_MODULES = YES;
				CLANG_ENABLE_OBJC_ARC = YES;
				CLANG_WARN_BOOL_CONVERSION = YES;
				CLANG_WARN_CONSTANT_CONVERSION = YES;
				CLANG_WARN_DIRECT_OBJC_ISA_USAGE = YES_ERROR;
				CLANG_WARN_DOCUMENTATION_COMMENTS = YES;
				CLANG_WARN_EMPTY_BODY = YES;
				CLANG_WARN_ENUM_CONVERSION = YES;
				CLANG_WARN_INFINITE_RECURSION = YES;
				CLANG_WARN_INT_CONVERSION = YES;
				CLANG_WARN_OBJC_ROOT_CLASS = YES_ERROR;
				CLANG_WARN_SUSPICIOUS_MOVES = YES;
				CLANG_WARN_UNREACHABLE_CODE = YES;
				CLANG_WARN__DUPLICATE_METHOD_MATCH = YES;
				"CODE_SIGN_IDENTITY[sdk=iphoneos*]" = "iPhone Developer";
				COPY_PHASE_STRIP = NO;
				DEBUG_INFORMATION_FORMAT = dwarf;
				ENABLE_STRICT_OBJC_MSGSEND = YES;
				ENABLE_TESTABILITY = YES;
				GCC_C_LANGUAGE_STANDARD = gnu99;
				GCC_DYNAMIC_NO_PIC = NO;
				GCC_NO_COMMON_BLOCKS = YES;
				GCC_OPTIMIZATION_LEVEL = 0;
				GCC_PREPROCESSOR_DEFINITIONS = (
					"DEBUG=1",
					"$(inherited)",
				);
				GCC_WARN_64_TO_32_BIT_CONVERSION = YES;
				GCC_WARN_ABOUT_RETURN_TYPE = YES_ERROR;
				GCC_WARN_UNDECLARED_SELECTOR = YES;
				GCC_WARN_UNINITIALIZED_AUTOS = YES_AGGRESSIVE;
				GCC_WARN_UNUSED_FUNCTION = YES;
				GCC_WARN_UNUSED_VARIABLE = YES;
				IPHONEOS_DEPLOYMENT_TARGET = 10.0;
				MTL_ENABLE_DEBUG_INFO = YES;
				ONLY_ACTIVE_ARCH = YES;
				SDKROOT = iphoneos;
				SWIFT_ACTIVE_COMPILATION_CONDITIONS = DEBUG;
				SWIFT_OPTIMIZATION_LEVEL = "-Onone";
			};
			name = Debug;
		};
		C9A0C1E41D736B4700E1798C /* Release */ = {
			isa = XCBuildConfiguration;
			buildSettings = {
				ALWAYS_SEARCH_USER_PATHS = NO;
				CLANG_ANALYZER_NONNULL = YES;
				CLANG_CXX_LANGUAGE_STANDARD = "gnu++0x";
				CLANG_CXX_LIBRARY = "libc++";
				CLANG_ENABLE_MODULES = YES;
				CLANG_ENABLE_OBJC_ARC = YES;
				CLANG_WARN_BOOL_CONVERSION = YES;
				CLANG_WARN_CONSTANT_CONVERSION = YES;
				CLANG_WARN_DIRECT_OBJC_ISA_USAGE = YES_ERROR;
				CLANG_WARN_DOCUMENTATION_COMMENTS = YES;
				CLANG_WARN_EMPTY_BODY = YES;
				CLANG_WARN_ENUM_CONVERSION = YES;
				CLANG_WARN_INFINITE_RECURSION = YES;
				CLANG_WARN_INT_CONVERSION = YES;
				CLANG_WARN_OBJC_ROOT_CLASS = YES_ERROR;
				CLANG_WARN_SUSPICIOUS_MOVES = YES;
				CLANG_WARN_UNREACHABLE_CODE = YES;
				CLANG_WARN__DUPLICATE_METHOD_MATCH = YES;
				"CODE_SIGN_IDENTITY[sdk=iphoneos*]" = "iPhone Developer";
				COPY_PHASE_STRIP = NO;
				DEBUG_INFORMATION_FORMAT = "dwarf-with-dsym";
				ENABLE_NS_ASSERTIONS = NO;
				ENABLE_STRICT_OBJC_MSGSEND = YES;
				GCC_C_LANGUAGE_STANDARD = gnu99;
				GCC_NO_COMMON_BLOCKS = YES;
				GCC_WARN_64_TO_32_BIT_CONVERSION = YES;
				GCC_WARN_ABOUT_RETURN_TYPE = YES_ERROR;
				GCC_WARN_UNDECLARED_SELECTOR = YES;
				GCC_WARN_UNINITIALIZED_AUTOS = YES_AGGRESSIVE;
				GCC_WARN_UNUSED_FUNCTION = YES;
				GCC_WARN_UNUSED_VARIABLE = YES;
				IPHONEOS_DEPLOYMENT_TARGET = 10.0;
				MTL_ENABLE_DEBUG_INFO = NO;
				SDKROOT = iphoneos;
				SWIFT_OPTIMIZATION_LEVEL = "-Owholemodule";
				VALIDATE_PRODUCT = YES;
			};
			name = Release;
		};
		C9A0C1E61D736B4700E1798C /* Debug */ = {
			isa = XCBuildConfiguration;
			buildSettings = {
				ASSETCATALOG_COMPILER_APPICON_NAME = "iMessage App Icon";
				CODE_SIGN_ENTITLEMENTS = MessagesExtension/MessagesExtension.entitlements;
				DEVELOPMENT_TEAM = VQXELCH5FM;
				INFOPLIST_FILE = MessagesExtension/Info.plist;
				LD_RUNPATH_SEARCH_PATHS = "$(inherited) @executable_path/Frameworks @executable_path/../../Frameworks";
				PRODUCT_BUNDLE_IDENTIFIER = com.BuildThings.PlayingWithMessages.MessagesExtension;
				PRODUCT_NAME = "$(TARGET_NAME)";
				SKIP_INSTALL = YES;
				SWIFT_VERSION = 3.0;
			};
			name = Debug;
		};
		C9A0C1E71D736B4700E1798C /* Release */ = {
			isa = XCBuildConfiguration;
			buildSettings = {
				ASSETCATALOG_COMPILER_APPICON_NAME = "iMessage App Icon";
				CODE_SIGN_ENTITLEMENTS = MessagesExtension/MessagesExtension.entitlements;
				DEVELOPMENT_TEAM = VQXELCH5FM;
				INFOPLIST_FILE = MessagesExtension/Info.plist;
				LD_RUNPATH_SEARCH_PATHS = "$(inherited) @executable_path/Frameworks @executable_path/../../Frameworks";
				PRODUCT_BUNDLE_IDENTIFIER = com.BuildThings.PlayingWithMessages.MessagesExtension;
				PRODUCT_NAME = "$(TARGET_NAME)";
				SKIP_INSTALL = YES;
				SWIFT_VERSION = 3.0;
			};
			name = Release;
		};
		C9A0C1EA1D736B4700E1798C /* Debug */ = {
			isa = XCBuildConfiguration;
			buildSettings = {
				ALWAYS_EMBED_SWIFT_STANDARD_LIBRARIES = YES;
				ASSETCATALOG_COMPILER_APPICON_NAME = AppIcon;
				INFOPLIST_FILE = PlayingWithMessages/Info.plist;
				PRODUCT_BUNDLE_IDENTIFIER = com.BuildThings.PlayingWithMessages;
				PRODUCT_NAME = "$(TARGET_NAME)";
				SWIFT_VERSION = 3.0;
				TARGETED_DEVICE_FAMILY = "1,2";
			};
			name = Debug;
		};
		C9A0C1EB1D736B4700E1798C /* Release */ = {
			isa = XCBuildConfiguration;
			buildSettings = {
				ALWAYS_EMBED_SWIFT_STANDARD_LIBRARIES = YES;
				ASSETCATALOG_COMPILER_APPICON_NAME = AppIcon;
				INFOPLIST_FILE = PlayingWithMessages/Info.plist;
				PRODUCT_BUNDLE_IDENTIFIER = com.BuildThings.PlayingWithMessages;
				PRODUCT_NAME = "$(TARGET_NAME)";
				SWIFT_VERSION = 3.0;
				TARGETED_DEVICE_FAMILY = "1,2";
			};
			name = Release;
		};
/* End XCBuildConfiguration section */

/* Begin XCConfigurationList section */
		C9A0C1C61D736B4600E1798C /* Build configuration list for PBXProject "PlayingWithMessages" */ = {
			isa = XCConfigurationList;
			buildConfigurations = (
				C9A0C1E31D736B4700E1798C /* Debug */,
				C9A0C1E41D736B4700E1798C /* Release */,
			);
			defaultConfigurationIsVisible = 0;
			defaultConfigurationName = Release;
		};
		C9A0C1E51D736B4700E1798C /* Build configuration list for PBXNativeTarget "MessagesExtension" */ = {
			isa = XCConfigurationList;
			buildConfigurations = (
				C9A0C1E61D736B4700E1798C /* Debug */,
				C9A0C1E71D736B4700E1798C /* Release */,
			);
			defaultConfigurationIsVisible = 0;
			defaultConfigurationName = Release;
		};
		C9A0C1E91D736B4700E1798C /* Build configuration list for PBXNativeTarget "PlayingWithMessages" */ = {
			isa = XCConfigurationList;
			buildConfigurations = (
				C9A0C1EA1D736B4700E1798C /* Debug */,
				C9A0C1EB1D736B4700E1798C /* Release */,
			);
			defaultConfigurationIsVisible = 0;
			defaultConfigurationName = Release;
		};
/* End XCConfigurationList section */
	};
	rootObject = C9A0C1C31D736B4600E1798C /* Project object */;
}
